
Microsoft Visual Studio Solution File, Format Version 12.00
# Visual Studio Version 17
VisualStudioVersion = 17.9.34622.214
MinimumVisualStudioVersion = 10.0.40219.1
Project("{FAE04EC0-301F-11D3-BF4B-00C04F79EFBC}") = "EventIDCalculator", "EventIDCalculator\EventIDCalculator.csproj", "{40A0A755-2CC1-4D69-92B6-4FE69D75C4F4}"
EndProject
Global
	GlobalSection(SolutionConfigurationPlatforms) = preSolution
		Debug|Any CPU = Debug|Any CPU
		Release|Any CPU = Release|Any CPU
	EndGlobalSection
	GlobalSection(ProjectConfigurationPlatforms) = postSolution
		{40A0A755-2CC1-4D69-92B6-4FE69D75C4F4}.Debug|Any CPU.ActiveCfg = Debug|Any CPU
		{40A0A755-2CC1-4D69-92B6-4FE69D75C4F4}.Debug|Any CPU.Build.0 = Debug|Any CPU
		{40A0A755-2CC1-4D69-92B6-4FE69D75C4F4}.Release|Any CPU.ActiveCfg = Release|Any CPU
		{40A0A755-2CC1-4D69-92B6-4FE69D75C4F4}.Release|Any CPU.Build.0 = Release|Any CPU
	EndGlobalSection
	GlobalSection(SolutionProperties) = preSolution
		HideSolutionNode = FALSE
	EndGlobalSection
	GlobalSection(ExtensibilityGlobals) = postSolution
		SolutionGuid = {B4D6CDC0-391D-46BC-9A26-DAD437FACDA4}
	EndGlobalSection
EndGlobal
